
Microsoft Visual Studio Solution File, Format Version 12.00
# Visual Studio Version 17
VisualStudioVersion = 17.7.34031.279
MinimumVisualStudioVersion = 10.0.40219.1
Project("{9A19103F-16F7-4668-BE54-9A1E7A4F7556}") = "TicketsSystemBlazorApp", "TicketsSystemBlazorApp\TicketsSystemBlazorApp.csproj", "{7D960611-CCFB-447C-A21B-354FC53B229C}"
EndProject
Project("{9A19103F-16F7-4668-BE54-9A1E7A4F7556}") = "TicketSystemWebApi", "TicketSystemWebApi\TicketSystemWebApi.csproj", "{22FA3C47-FAA9-4DF9-8C50-FC661A5D03B6}"
EndProject
Global
	GlobalSection(SolutionConfigurationPlatforms) = preSolution
		Debug|Any CPU = Debug|Any CPU
		Release|Any CPU = Release|Any CPU
	EndGlobalSection
	GlobalSection(ProjectConfigurationPlatforms) = postSolution
		{7D960611-CCFB-447C-A21B-354FC53B229C}.Debug|Any CPU.ActiveCfg = Debug|Any CPU
		{7D960611-CCFB-447C-A21B-354FC53B229C}.Debug|Any CPU.Build.0 = Debug|Any CPU
		{7D960611-CCFB-447C-A21B-354FC53B229C}.Release|Any CPU.ActiveCfg = Release|Any CPU
		{7D960611-CCFB-447C-A21B-354FC53B229C}.Release|Any CPU.Build.0 = Release|Any CPU
		{22FA3C47-FAA9-4DF9-8C50-FC661A5D03B6}.Debug|Any CPU.ActiveCfg = Debug|Any CPU
		{22FA3C47-FAA9-4DF9-8C50-FC661A5D03B6}.Debug|Any CPU.Build.0 = Debug|Any CPU
		{22FA3C47-FAA9-4DF9-8C50-FC661A5D03B6}.Release|Any CPU.ActiveCfg = Release|Any CPU
		{22FA3C47-FAA9-4DF9-8C50-FC661A5D03B6}.Release|Any CPU.Build.0 = Release|Any CPU
	EndGlobalSection
	GlobalSection(SolutionProperties) = preSolution
		HideSolutionNode = FALSE
	EndGlobalSection
	GlobalSection(ExtensibilityGlobals) = postSolution
		SolutionGuid = {43F2AD9E-CA3B-413F-A62F-71CD951C603C}
	EndGlobalSection
EndGlobal
